
Microsoft Visual Studio Solution File, Format Version 12.00
# Visual Studio 15
Project("{FAE04EC0-301F-11D3-BF4B-00C04F79EFBC}") = "RSocket.Rpc.Core", "RSocket.Rpc.Core.csproj", "{DEE7A938-6AC7-467F-ABCE-887465892FE6}"
EndProject
Global
	GlobalSection(SolutionConfigurationPlatforms) = preSolution
		Debug|Any CPU = Debug|Any CPU
		Release|Any CPU = Release|Any CPU
	EndGlobalSection
	GlobalSection(ProjectConfigurationPlatforms) = postSolution
		{DEE7A938-6AC7-467F-ABCE-887465892FE6}.Debug|Any CPU.ActiveCfg = Debug|Any CPU
		{DEE7A938-6AC7-467F-ABCE-887465892FE6}.Debug|Any CPU.Build.0 = Debug|Any CPU
		{DEE7A938-6AC7-467F-ABCE-887465892FE6}.Release|Any CPU.ActiveCfg = Release|Any CPU
		{DEE7A938-6AC7-467F-ABCE-887465892FE6}.Release|Any CPU.Build.0 = Release|Any CPU
	EndGlobalSection
EndGlobal
